
Microsoft Visual Studio Solution File, Format Version 12.00
# Visual Studio Version 17
VisualStudioVersion = 17.8.34322.80
MinimumVisualStudioVersion = 10.0.40219.1
Project("{FAE04EC0-301F-11D3-BF4B-00C04F79EFBC}") = "Scheduler_WASM", "Scheduler_WASM\Scheduler_WASM.csproj", "{8FA77C1F-B491-4985-B3F0-597BF18AA823}"
EndProject
Project("{FAE04EC0-301F-11D3-BF4B-00C04F79EFBC}") = "Scheduler_WASM.Client", "Scheduler_WASM.Client\Scheduler_WASM.Client.csproj", "{AC0811A3-CBC0-4CBC-904E-AFB0E2425705}"
EndProject
Global
	GlobalSection(SolutionConfigurationPlatforms) = preSolution
		Debug|Any CPU = Debug|Any CPU
		Release|Any CPU = Release|Any CPU
	EndGlobalSection
	GlobalSection(ProjectConfigurationPlatforms) = postSolution
		{8FA77C1F-B491-4985-B3F0-597BF18AA823}.Debug|Any CPU.ActiveCfg = Debug|Any CPU
		{8FA77C1F-B491-4985-B3F0-597BF18AA823}.Debug|Any CPU.Build.0 = Debug|Any CPU
		{8FA77C1F-B491-4985-B3F0-597BF18AA823}.Release|Any CPU.ActiveCfg = Release|Any CPU
		{8FA77C1F-B491-4985-B3F0-597BF18AA823}.Release|Any CPU.Build.0 = Release|Any CPU
		{AC0811A3-CBC0-4CBC-904E-AFB0E2425705}.Debug|Any CPU.ActiveCfg = Debug|Any CPU
		{AC0811A3-CBC0-4CBC-904E-AFB0E2425705}.Debug|Any CPU.Build.0 = Debug|Any CPU
		{AC0811A3-CBC0-4CBC-904E-AFB0E2425705}.Release|Any CPU.ActiveCfg = Release|Any CPU
		{AC0811A3-CBC0-4CBC-904E-AFB0E2425705}.Release|Any CPU.Build.0 = Release|Any CPU
	EndGlobalSection
	GlobalSection(SolutionProperties) = preSolution
		HideSolutionNode = FALSE
	EndGlobalSection
	GlobalSection(ExtensibilityGlobals) = postSolution
		SolutionGuid = {F93EA0DC-3C13-49D5-AE07-4A0EA7487F21}
	EndGlobalSection
EndGlobal
