
Microsoft Visual Studio Solution File, Format Version 12.00
# Visual Studio Version 17
VisualStudioVersion = 17.8.34322.80
MinimumVisualStudioVersion = 10.0.40219.1
Project("{FAE04EC0-301F-11D3-BF4B-00C04F79EFBC}") = "RTE_WASM", "RTE_WASM\RTE_WASM.csproj", "{90D62B66-9F9E-4D7A-838D-944DA7BCC5DA}"
EndProject
Project("{FAE04EC0-301F-11D3-BF4B-00C04F79EFBC}") = "RTE_WASM.Client", "RTE_WASM.Client\RTE_WASM.Client.csproj", "{8324E0EA-D3BB-4229-B7FE-A2A7BAC117B7}"
EndProject
Global
	GlobalSection(SolutionConfigurationPlatforms) = preSolution
		Debug|Any CPU = Debug|Any CPU
		Release|Any CPU = Release|Any CPU
	EndGlobalSection
	GlobalSection(ProjectConfigurationPlatforms) = postSolution
		{90D62B66-9F9E-4D7A-838D-944DA7BCC5DA}.Debug|Any CPU.ActiveCfg = Debug|Any CPU
		{90D62B66-9F9E-4D7A-838D-944DA7BCC5DA}.Debug|Any CPU.Build.0 = Debug|Any CPU
		{90D62B66-9F9E-4D7A-838D-944DA7BCC5DA}.Release|Any CPU.ActiveCfg = Release|Any CPU
		{90D62B66-9F9E-4D7A-838D-944DA7BCC5DA}.Release|Any CPU.Build.0 = Release|Any CPU
		{8324E0EA-D3BB-4229-B7FE-A2A7BAC117B7}.Debug|Any CPU.ActiveCfg = Debug|Any CPU
		{8324E0EA-D3BB-4229-B7FE-A2A7BAC117B7}.Debug|Any CPU.Build.0 = Debug|Any CPU
		{8324E0EA-D3BB-4229-B7FE-A2A7BAC117B7}.Release|Any CPU.ActiveCfg = Release|Any CPU
		{8324E0EA-D3BB-4229-B7FE-A2A7BAC117B7}.Release|Any CPU.Build.0 = Release|Any CPU
	EndGlobalSection
	GlobalSection(SolutionProperties) = preSolution
		HideSolutionNode = FALSE
	EndGlobalSection
	GlobalSection(ExtensibilityGlobals) = postSolution
		SolutionGuid = {004A3196-12C3-4F2C-A017-6F8F2673426B}
	EndGlobalSection
EndGlobal
