
Microsoft Visual Studio Solution File, Format Version 12.00
# Visual Studio Version 17
VisualStudioVersion = 17.8.34322.80
MinimumVisualStudioVersion = 10.0.40219.1
Project("{FAE04EC0-301F-11D3-BF4B-00C04F79EFBC}") = "RTE_Auto", "RTE_Auto\RTE_Auto.csproj", "{FD05736A-8C1B-4F36-9C28-2867E7934EF9}"
EndProject
Project("{FAE04EC0-301F-11D3-BF4B-00C04F79EFBC}") = "RTE_Auto.Client", "RTE_Auto.Client\RTE_Auto.Client.csproj", "{58CCE3D7-4475-406A-BDB6-D04B48365DC1}"
EndProject
Global
	GlobalSection(SolutionConfigurationPlatforms) = preSolution
		Debug|Any CPU = Debug|Any CPU
		Release|Any CPU = Release|Any CPU
	EndGlobalSection
	GlobalSection(ProjectConfigurationPlatforms) = postSolution
		{FD05736A-8C1B-4F36-9C28-2867E7934EF9}.Debug|Any CPU.ActiveCfg = Debug|Any CPU
		{FD05736A-8C1B-4F36-9C28-2867E7934EF9}.Debug|Any CPU.Build.0 = Debug|Any CPU
		{FD05736A-8C1B-4F36-9C28-2867E7934EF9}.Release|Any CPU.ActiveCfg = Release|Any CPU
		{FD05736A-8C1B-4F36-9C28-2867E7934EF9}.Release|Any CPU.Build.0 = Release|Any CPU
		{58CCE3D7-4475-406A-BDB6-D04B48365DC1}.Debug|Any CPU.ActiveCfg = Debug|Any CPU
		{58CCE3D7-4475-406A-BDB6-D04B48365DC1}.Debug|Any CPU.Build.0 = Debug|Any CPU
		{58CCE3D7-4475-406A-BDB6-D04B48365DC1}.Release|Any CPU.ActiveCfg = Release|Any CPU
		{58CCE3D7-4475-406A-BDB6-D04B48365DC1}.Release|Any CPU.Build.0 = Release|Any CPU
	EndGlobalSection
	GlobalSection(SolutionProperties) = preSolution
		HideSolutionNode = FALSE
	EndGlobalSection
	GlobalSection(ExtensibilityGlobals) = postSolution
		SolutionGuid = {5141ED9F-6D45-4E9C-AD54-2B7ACD9A745A}
	EndGlobalSection
EndGlobal
